{
  "name": "hw_platforms",
  "version": "1.0.0",
  "lockfileVersion": 3,
  "requires": true,
  "packages": {
    "": {
      "name": "hw_platforms",
      "version": "1.0.0",
      "license": "ISC",
      "dependencies": {
        "@lyudmilalushchik/ajs": "^1.0.3"
      }
    },
    "node_modules/@lyudmilalushchik/ajs": {
      "version": "1.0.3",
      "resolved": "https://npm.pkg.github.com/download/@lyudmilalushchik/ajs/1.0.3/a3d823006b79519ddaf4b009f9fa2bedaf770d94",
      "integrity": "sha512-oHMl/XK6d/1EaMsiW9JqifHlX9+fyhN12aFAIRH9XDCb61cy03aQQqjgpjOg3uVWIb+bOi7CPnAZoPPm1ak5RA==",
      "license": "ISC"
    }
  }
}
